
Microsoft Visual Studio Solution File, Format Version 12.00
# Visual Studio Version 17
VisualStudioVersion = 17.12.35728.132
MinimumVisualStudioVersion = 10.0.40219.1
Project("{FAE04EC0-301F-11D3-BF4B-00C04F79EFBC}") = "必备知识_多脚本文件", "必备知识_多脚本文件\必备知识_多脚本文件.csproj", "{BA2B8054-8D11-4E4A-A9FE-CFF9F955D3CE}"
EndProject
Project("{FAE04EC0-301F-11D3-BF4B-00C04F79EFBC}") = "贪食蛇", "贪食蛇\贪食蛇.csproj", "{0702D369-B4A5-4D8C-9AD4-13A622F319E6}"
EndProject
Global
	GlobalSection(SolutionConfigurationPlatforms) = preSolution
		Debug|Any CPU = Debug|Any CPU
		Release|Any CPU = Release|Any CPU
	EndGlobalSection
	GlobalSection(ProjectConfigurationPlatforms) = postSolution
		{BA2B8054-8D11-4E4A-A9FE-CFF9F955D3CE}.Debug|Any CPU.ActiveCfg = Debug|Any CPU
		{BA2B8054-8D11-4E4A-A9FE-CFF9F955D3CE}.Debug|Any CPU.Build.0 = Debug|Any CPU
		{BA2B8054-8D11-4E4A-A9FE-CFF9F955D3CE}.Release|Any CPU.ActiveCfg = Release|Any CPU
		{BA2B8054-8D11-4E4A-A9FE-CFF9F955D3CE}.Release|Any CPU.Build.0 = Release|Any CPU
		{0702D369-B4A5-4D8C-9AD4-13A622F319E6}.Debug|Any CPU.ActiveCfg = Debug|Any CPU
		{0702D369-B4A5-4D8C-9AD4-13A622F319E6}.Debug|Any CPU.Build.0 = Debug|Any CPU
		{0702D369-B4A5-4D8C-9AD4-13A622F319E6}.Release|Any CPU.ActiveCfg = Release|Any CPU
		{0702D369-B4A5-4D8C-9AD4-13A622F319E6}.Release|Any CPU.Build.0 = Release|Any CPU
	EndGlobalSection
	GlobalSection(SolutionProperties) = preSolution
		HideSolutionNode = FALSE
	EndGlobalSection
	GlobalSection(ExtensibilityGlobals) = postSolution
		SolutionGuid = {F2B97542-6487-4B2B-AC22-E26D95543A18}
	EndGlobalSection
EndGlobal
