
Microsoft Visual Studio Solution File, Format Version 12.00
# Visual Studio Version 17
VisualStudioVersion = 17.12.35728.132
MinimumVisualStudioVersion = 10.0.40219.1
Project("{FAE04EC0-301F-11D3-BF4B-00C04F79EFBC}") = "Lesson1_输入输出", "Lesson1\Lesson1_输入输出.csproj", "{A46F5B6D-38EC-4A46-AA53-9A09D4C2453A}"
EndProject
Project("{FAE04EC0-301F-11D3-BF4B-00C04F79EFBC}") = "homework1", "homework1\homework1.csproj", "{23D89195-7E0E-45FC-86EA-7361BB95BB99}"
EndProject
Project("{FAE04EC0-301F-11D3-BF4B-00C04F79EFBC}") = "Lesson2_变量", "Lesson_变量\Lesson2_变量.csproj", "{AC34419C-899D-4475-BDF3-1F405B4F11B9}"
EndProject
Project("{FAE04EC0-301F-11D3-BF4B-00C04F79EFBC}") = "Lesson3_常量", "Lesson3_常量\Lesson3_常量.csproj", "{F73CDFF1-F658-409A-AECF-27E197C95F90}"
EndProject
Project("{FAE04EC0-301F-11D3-BF4B-00C04F79EFBC}") = "Lesson4_转义字符", "Lesson4_转义字符\Lesson4_转义字符.csproj", "{DD989F2A-8778-4339-BDEC-5485F43643D9}"
EndProject
Project("{FAE04EC0-301F-11D3-BF4B-00C04F79EFBC}") = "Lesson5_类型转换（隐式转换）", "Lesson5_隐式转换\Lesson5_类型转换（隐式转换）.csproj", "{257E84E3-1F9C-4BF9-BBEA-1AD163FF1F69}"
EndProject
Project("{FAE04EC0-301F-11D3-BF4B-00C04F79EFBC}") = "Lesson6_类型转换（显示转换）", "Lesson8_类型转换（显示转换）\Lesson6_类型转换（显示转换）.csproj", "{9113FDA4-B183-48F2-B891-BD6F76C211C2}"
EndProject
Project("{FAE04EC0-301F-11D3-BF4B-00C04F79EFBC}") = "Lesson7_异常捕获", "Lesson7_异常捕获\Lesson7_异常捕获.csproj", "{0F887613-9338-45A1-AD98-3F9F34EDA825}"
EndProject
Project("{FAE04EC0-301F-11D3-BF4B-00C04F79EFBC}") = "Lesson8_算数运算符", "Lesson8_算数运算符\Lesson8_算数运算符.csproj", "{F916A2B5-17A3-4802-984C-1ADC83BDB9AC}"
EndProject
Project("{FAE04EC0-301F-11D3-BF4B-00C04F79EFBC}") = "Lesson9_字符串拼接", "Lesson9_字符串拼接\Lesson9_字符串拼接.csproj", "{1405CB7A-2ED6-4FE2-A9CF-76B505FC637E}"
EndProject
Project("{FAE04EC0-301F-11D3-BF4B-00C04F79EFBC}") = "Lesson10_条件运算符", "Lesson10_条件运算符\Lesson10_条件运算符.csproj", "{F695F203-B586-4364-90E4-D5C956986E84}"
EndProject
Project("{FAE04EC0-301F-11D3-BF4B-00C04F79EFBC}") = "Lesson11_逻辑运算符", "Lesson11_逻辑运算符\Lesson11_逻辑运算符.csproj", "{BE3AF7CF-20FE-4856-847B-45C568272C7D}"
EndProject
Project("{FAE04EC0-301F-11D3-BF4B-00C04F79EFBC}") = "Lesson12_位运算符", "Lesson12_位运算符\Lesson12_位运算符.csproj", "{C058EF05-CB8D-4CB8-9F27-38A81F1FA1FB}"
EndProject
Project("{FAE04EC0-301F-11D3-BF4B-00C04F79EFBC}") = "Lesson13_三目运算符", "Lesson13_三目运算符\Lesson13_三目运算符.csproj", "{0E9080CD-5205-4238-9F2D-55DEC1C9D5FA}"
EndProject
Project("{FAE04EC0-301F-11D3-BF4B-00C04F79EFBC}") = "Lesson14_条件分支语句if", "Lesson14_条件分支语句if\Lesson14_条件分支语句if.csproj", "{AA9135C5-7D83-43C9-B87B-47744BA386AA}"
EndProject
Project("{FAE04EC0-301F-11D3-BF4B-00C04F79EFBC}") = "Lesson15_条件分支语句switch", "Lesson15_条件分支语句switch\Lesson15_条件分支语句switch.csproj", "{0301B97A-CB1D-40D8-B834-4D84347204F1}"
EndProject
Project("{FAE04EC0-301F-11D3-BF4B-00C04F79EFBC}") = "Lesson16_循环语句while", "Lesson16_循环语句while\Lesson16_循环语句while.csproj", "{648A34D0-455B-46E1-99FF-5AC79EE2F00C}"
EndProject
Global
	GlobalSection(SolutionConfigurationPlatforms) = preSolution
		Debug|Any CPU = Debug|Any CPU
		Release|Any CPU = Release|Any CPU
	EndGlobalSection
	GlobalSection(ProjectConfigurationPlatforms) = postSolution
		{A46F5B6D-38EC-4A46-AA53-9A09D4C2453A}.Debug|Any CPU.ActiveCfg = Debug|Any CPU
		{A46F5B6D-38EC-4A46-AA53-9A09D4C2453A}.Debug|Any CPU.Build.0 = Debug|Any CPU
		{A46F5B6D-38EC-4A46-AA53-9A09D4C2453A}.Release|Any CPU.ActiveCfg = Release|Any CPU
		{A46F5B6D-38EC-4A46-AA53-9A09D4C2453A}.Release|Any CPU.Build.0 = Release|Any CPU
		{23D89195-7E0E-45FC-86EA-7361BB95BB99}.Debug|Any CPU.ActiveCfg = Debug|Any CPU
		{23D89195-7E0E-45FC-86EA-7361BB95BB99}.Debug|Any CPU.Build.0 = Debug|Any CPU
		{23D89195-7E0E-45FC-86EA-7361BB95BB99}.Release|Any CPU.ActiveCfg = Release|Any CPU
		{23D89195-7E0E-45FC-86EA-7361BB95BB99}.Release|Any CPU.Build.0 = Release|Any CPU
		{AC34419C-899D-4475-BDF3-1F405B4F11B9}.Debug|Any CPU.ActiveCfg = Debug|Any CPU
		{AC34419C-899D-4475-BDF3-1F405B4F11B9}.Debug|Any CPU.Build.0 = Debug|Any CPU
		{AC34419C-899D-4475-BDF3-1F405B4F11B9}.Release|Any CPU.ActiveCfg = Release|Any CPU
		{AC34419C-899D-4475-BDF3-1F405B4F11B9}.Release|Any CPU.Build.0 = Release|Any CPU
		{F73CDFF1-F658-409A-AECF-27E197C95F90}.Debug|Any CPU.ActiveCfg = Debug|Any CPU
		{F73CDFF1-F658-409A-AECF-27E197C95F90}.Debug|Any CPU.Build.0 = Debug|Any CPU
		{F73CDFF1-F658-409A-AECF-27E197C95F90}.Release|Any CPU.ActiveCfg = Release|Any CPU
		{F73CDFF1-F658-409A-AECF-27E197C95F90}.Release|Any CPU.Build.0 = Release|Any CPU
		{DD989F2A-8778-4339-BDEC-5485F43643D9}.Debug|Any CPU.ActiveCfg = Debug|Any CPU
		{DD989F2A-8778-4339-BDEC-5485F43643D9}.Debug|Any CPU.Build.0 = Debug|Any CPU
		{DD989F2A-8778-4339-BDEC-5485F43643D9}.Release|Any CPU.ActiveCfg = Release|Any CPU
		{DD989F2A-8778-4339-BDEC-5485F43643D9}.Release|Any CPU.Build.0 = Release|Any CPU
		{257E84E3-1F9C-4BF9-BBEA-1AD163FF1F69}.Debug|Any CPU.ActiveCfg = Debug|Any CPU
		{257E84E3-1F9C-4BF9-BBEA-1AD163FF1F69}.Debug|Any CPU.Build.0 = Debug|Any CPU
		{257E84E3-1F9C-4BF9-BBEA-1AD163FF1F69}.Release|Any CPU.ActiveCfg = Release|Any CPU
		{257E84E3-1F9C-4BF9-BBEA-1AD163FF1F69}.Release|Any CPU.Build.0 = Release|Any CPU
		{9113FDA4-B183-48F2-B891-BD6F76C211C2}.Debug|Any CPU.ActiveCfg = Debug|Any CPU
		{9113FDA4-B183-48F2-B891-BD6F76C211C2}.Debug|Any CPU.Build.0 = Debug|Any CPU
		{9113FDA4-B183-48F2-B891-BD6F76C211C2}.Release|Any CPU.ActiveCfg = Release|Any CPU
		{9113FDA4-B183-48F2-B891-BD6F76C211C2}.Release|Any CPU.Build.0 = Release|Any CPU
		{0F887613-9338-45A1-AD98-3F9F34EDA825}.Debug|Any CPU.ActiveCfg = Debug|Any CPU
		{0F887613-9338-45A1-AD98-3F9F34EDA825}.Debug|Any CPU.Build.0 = Debug|Any CPU
		{0F887613-9338-45A1-AD98-3F9F34EDA825}.Release|Any CPU.ActiveCfg = Release|Any CPU
		{0F887613-9338-45A1-AD98-3F9F34EDA825}.Release|Any CPU.Build.0 = Release|Any CPU
		{F916A2B5-17A3-4802-984C-1ADC83BDB9AC}.Debug|Any CPU.ActiveCfg = Debug|Any CPU
		{F916A2B5-17A3-4802-984C-1ADC83BDB9AC}.Debug|Any CPU.Build.0 = Debug|Any CPU
		{F916A2B5-17A3-4802-984C-1ADC83BDB9AC}.Release|Any CPU.ActiveCfg = Release|Any CPU
		{F916A2B5-17A3-4802-984C-1ADC83BDB9AC}.Release|Any CPU.Build.0 = Release|Any CPU
		{1405CB7A-2ED6-4FE2-A9CF-76B505FC637E}.Debug|Any CPU.ActiveCfg = Debug|Any CPU
		{1405CB7A-2ED6-4FE2-A9CF-76B505FC637E}.Debug|Any CPU.Build.0 = Debug|Any CPU
		{1405CB7A-2ED6-4FE2-A9CF-76B505FC637E}.Release|Any CPU.ActiveCfg = Release|Any CPU
		{1405CB7A-2ED6-4FE2-A9CF-76B505FC637E}.Release|Any CPU.Build.0 = Release|Any CPU
		{F695F203-B586-4364-90E4-D5C956986E84}.Debug|Any CPU.ActiveCfg = Debug|Any CPU
		{F695F203-B586-4364-90E4-D5C956986E84}.Debug|Any CPU.Build.0 = Debug|Any CPU
		{F695F203-B586-4364-90E4-D5C956986E84}.Release|Any CPU.ActiveCfg = Release|Any CPU
		{F695F203-B586-4364-90E4-D5C956986E84}.Release|Any CPU.Build.0 = Release|Any CPU
		{BE3AF7CF-20FE-4856-847B-45C568272C7D}.Debug|Any CPU.ActiveCfg = Debug|Any CPU
		{BE3AF7CF-20FE-4856-847B-45C568272C7D}.Debug|Any CPU.Build.0 = Debug|Any CPU
		{BE3AF7CF-20FE-4856-847B-45C568272C7D}.Release|Any CPU.ActiveCfg = Release|Any CPU
		{BE3AF7CF-20FE-4856-847B-45C568272C7D}.Release|Any CPU.Build.0 = Release|Any CPU
		{C058EF05-CB8D-4CB8-9F27-38A81F1FA1FB}.Debug|Any CPU.ActiveCfg = Debug|Any CPU
		{C058EF05-CB8D-4CB8-9F27-38A81F1FA1FB}.Debug|Any CPU.Build.0 = Debug|Any CPU
		{C058EF05-CB8D-4CB8-9F27-38A81F1FA1FB}.Release|Any CPU.ActiveCfg = Release|Any CPU
		{C058EF05-CB8D-4CB8-9F27-38A81F1FA1FB}.Release|Any CPU.Build.0 = Release|Any CPU
		{0E9080CD-5205-4238-9F2D-55DEC1C9D5FA}.Debug|Any CPU.ActiveCfg = Debug|Any CPU
		{0E9080CD-5205-4238-9F2D-55DEC1C9D5FA}.Debug|Any CPU.Build.0 = Debug|Any CPU
		{0E9080CD-5205-4238-9F2D-55DEC1C9D5FA}.Release|Any CPU.ActiveCfg = Release|Any CPU
		{0E9080CD-5205-4238-9F2D-55DEC1C9D5FA}.Release|Any CPU.Build.0 = Release|Any CPU
		{AA9135C5-7D83-43C9-B87B-47744BA386AA}.Debug|Any CPU.ActiveCfg = Debug|Any CPU
		{AA9135C5-7D83-43C9-B87B-47744BA386AA}.Debug|Any CPU.Build.0 = Debug|Any CPU
		{AA9135C5-7D83-43C9-B87B-47744BA386AA}.Release|Any CPU.ActiveCfg = Release|Any CPU
		{AA9135C5-7D83-43C9-B87B-47744BA386AA}.Release|Any CPU.Build.0 = Release|Any CPU
		{0301B97A-CB1D-40D8-B834-4D84347204F1}.Debug|Any CPU.ActiveCfg = Debug|Any CPU
		{0301B97A-CB1D-40D8-B834-4D84347204F1}.Debug|Any CPU.Build.0 = Debug|Any CPU
		{0301B97A-CB1D-40D8-B834-4D84347204F1}.Release|Any CPU.ActiveCfg = Release|Any CPU
		{0301B97A-CB1D-40D8-B834-4D84347204F1}.Release|Any CPU.Build.0 = Release|Any CPU
		{648A34D0-455B-46E1-99FF-5AC79EE2F00C}.Debug|Any CPU.ActiveCfg = Debug|Any CPU
		{648A34D0-455B-46E1-99FF-5AC79EE2F00C}.Debug|Any CPU.Build.0 = Debug|Any CPU
		{648A34D0-455B-46E1-99FF-5AC79EE2F00C}.Release|Any CPU.ActiveCfg = Release|Any CPU
		{648A34D0-455B-46E1-99FF-5AC79EE2F00C}.Release|Any CPU.Build.0 = Release|Any CPU
	EndGlobalSection
	GlobalSection(SolutionProperties) = preSolution
		HideSolutionNode = FALSE
	EndGlobalSection
EndGlobal
